
Microsoft Visual Studio Solution File, Format Version 12.00
# Visual Studio Version 16
VisualStudioVersion = 16.0.31321.278
MinimumVisualStudioVersion = 10.0.40219.1
Project("{FAE04EC0-301F-11D3-BF4B-00C04F79EFBC}") = "todolist.web", "todolist.web\todolist.web.csproj", "{CF201667-E1B5-43E8-A571-CACEDEE1B209}"
EndProject
Global
	GlobalSection(SolutionConfigurationPlatforms) = preSolution
		Debug|Any CPU = Debug|Any CPU
		Release|Any CPU = Release|Any CPU
	EndGlobalSection
	GlobalSection(ProjectConfigurationPlatforms) = postSolution
		{CF201667-E1B5-43E8-A571-CACEDEE1B209}.Debug|Any CPU.ActiveCfg = Debug|Any CPU
		{CF201667-E1B5-43E8-A571-CACEDEE1B209}.Debug|Any CPU.Build.0 = Debug|Any CPU
		{CF201667-E1B5-43E8-A571-CACEDEE1B209}.Release|Any CPU.ActiveCfg = Release|Any CPU
		{CF201667-E1B5-43E8-A571-CACEDEE1B209}.Release|Any CPU.Build.0 = Release|Any CPU
	EndGlobalSection
	GlobalSection(SolutionProperties) = preSolution
		HideSolutionNode = FALSE
	EndGlobalSection
	GlobalSection(ExtensibilityGlobals) = postSolution
		SolutionGuid = {A19F7604-CBC5-4CD2-9601-52A76EEAAFEA}
	EndGlobalSection
EndGlobal
